
Microsoft Visual Studio Solution File, Format Version 12.00
# Visual Studio Version 17
VisualStudioVersion = 17.13.35919.96 d17.13
MinimumVisualStudioVersion = 10.0.40219.1
Project("{FAE04EC0-301F-11D3-BF4B-00C04F79EFBC}") = "Assignments 3.1.1", "Assignments 3.1.1.csproj", "{06D44687-C9E3-405A-BE10-1BC651E2A407}"
EndProject
Global
	GlobalSection(SolutionConfigurationPlatforms) = preSolution
		Debug|Any CPU = Debug|Any CPU
		Release|Any CPU = Release|Any CPU
	EndGlobalSection
	GlobalSection(ProjectConfigurationPlatforms) = postSolution
		{06D44687-C9E3-405A-BE10-1BC651E2A407}.Debug|Any CPU.ActiveCfg = Debug|Any CPU
		{06D44687-C9E3-405A-BE10-1BC651E2A407}.Debug|Any CPU.Build.0 = Debug|Any CPU
		{06D44687-C9E3-405A-BE10-1BC651E2A407}.Release|Any CPU.ActiveCfg = Release|Any CPU
		{06D44687-C9E3-405A-BE10-1BC651E2A407}.Release|Any CPU.Build.0 = Release|Any CPU
	EndGlobalSection
	GlobalSection(SolutionProperties) = preSolution
		HideSolutionNode = FALSE
	EndGlobalSection
	GlobalSection(ExtensibilityGlobals) = postSolution
		SolutionGuid = {335E9A26-AA00-43AA-9305-93793E5FA634}
	EndGlobalSection
EndGlobal
